dependencies:
- name: agentops-operator
  repository: oci://ghcr.io/samyn92/charts
  version: 0.14.2
- name: agentops-console
  repository: oci://ghcr.io/samyn92/charts
  version: 0.11.4
- name: tempo
  repository: https://grafana.github.io/helm-charts
  version: 1.24.4
- name: nats
  repository: https://nats-io.github.io/k8s/helm/charts
  version: 2.12.6
digest: sha256:2481d60fa9ef4ac902c7e2fa977c15884e2466195fb6bded7fe615e1adaae441
generated: "2026-05-05T14:51:11.280125441+02:00"
