dependencies:
- name: agentops-operator
  repository: oci://ghcr.io/samyn92/charts
  version: 0.14.3
- name: agentops-console
  repository: oci://ghcr.io/samyn92/charts
  version: 0.11.4
- name: tempo
  repository: https://grafana.github.io/helm-charts
  version: 1.24.4
- name: nats
  repository: https://nats-io.github.io/k8s/helm/charts
  version: 2.12.6
digest: sha256:95891f480735feeeb6dbdb673d84e83070582ad85fe24330d26b45c05dfc0fbd
generated: "2026-05-05T13:30:35.554986739Z"
