dependencies:
- name: agentops-operator
  repository: oci://ghcr.io/samyn92/charts
  version: 0.12.7
- name: agentops-console
  repository: oci://ghcr.io/samyn92/charts
  version: 0.11.4
- name: tempo
  repository: https://grafana.github.io/helm-charts
  version: 1.24.4
- name: nats
  repository: https://nats-io.github.io/k8s/helm/charts
  version: 2.12.6
digest: sha256:90de8e2d7b4ab9b8d050e08253a9996573a783cbb3cf787569d374af96721891
generated: "2026-05-02T14:45:52.601311257Z"
